// !$*UTF8*$!
{
	archiveVersion = 1;
	classes = {
	};
	objectVersion = 56;
	objects = {

/* Begin PBXBuildFile section */
		11AC77022A8B309D005BF8CA /* AppDelegate.swift in Sources */ = {isa = PBXBuildFile; fileRef = 11AC77012A8B309D005BF8CA /* AppDelegate.swift */; };
		11AC77042A8B309D005BF8CA /* SceneDelegate.swift in Sources */ = {isa = PBXBuildFile; fileRef = 11AC77032A8B309D005BF8CA /* SceneDelegate.swift */; };
		11AC77062A8B309D005BF8CA /* ViewController.swift in Sources */ = {isa = PBXBuildFile; fileRef = 11AC77052A8B309D005BF8CA /* ViewController.swift */; };
		11AC77092A8B309D005BF8CA /* Main.storyboard in Resources */ = {isa = PBXBuildFile; fileRef = 11AC77072A8B309D005BF8CA /* Main.storyboard */; };
		11AC770B2A8B309E005BF8CA /* Assets.xcassets in Resources */ = {isa = PBXBuildFile; fileRef = 11AC770A2A8B309E005BF8CA /* Assets.xcassets */; };
		11AC770E2A8B309E005BF8CA /* LaunchScreen.storyboard in Resources */ = {isa = PBXBuildFile; fileRef = 11AC770C2A8B309E005BF8CA /* LaunchScreen.storyboard */; };
		11AC772A2A8B5C0A005BF8CA /* Search.storyboard in Resources */ = {isa = PBXBuildFile; fileRef = 11AC77282A8B5C0A005BF8CA /* Search.storyboard */; };
		11AC772D2A8B5FAF005BF8CA /* Account.storyboard in Resources */ = {isa = PBXBuildFile; fileRef = 11AC772B2A8B5FAF005BF8CA /* Account.storyboard */; };
		11AC772E2A8B6AC8005BF8CA /* Home.storyboard in Resources */ = {isa = PBXBuildFile; fileRef = 11AC77252A8B4AF9005BF8CA /* Home.storyboard */; };
/* End PBXBuildFile section */

/* Begin PBXFileReference section */
		11AC76FE2A8B309D005BF8CA /* Cook_It_iOS.app */ = {isa = PBXFileReference; explicitFileType = wrapper.application; includeInIndex = 0; path = Cook_It_iOS.app; sourceTree = BUILT_PRODUCTS_DIR; };
		11AC77012A8B309D005BF8CA /* AppDelegate.swift */ = {isa = PBXFileReference; lastKnownFileType = sourcecode.swift; path = AppDelegate.swift; sourceTree = "<group>"; };
		11AC77032A8B309D005BF8CA /* SceneDelegate.swift */ = {isa = PBXFileReference; lastKnownFileType = sourcecode.swift; path = SceneDelegate.swift; sourceTree = "<group>"; };
		11AC77052A8B309D005BF8CA /* ViewController.swift */ = {isa = PBXFileReference; lastKnownFileType = sourcecode.swift; path = ViewController.swift; sourceTree = "<group>"; };
		11AC77082A8B309D005BF8CA /* Base */ = {isa = PBXFileReference; lastKnownFileType = file.storyboard; name = Base; path = Base.lproj/Main.storyboard; sourceTree = "<group>"; };
		11AC770A2A8B309E005BF8CA /* Assets.xcassets */ = {isa = PBXFileReference; lastKnownFileType = folder.assetcatalog; path = Assets.xcassets; sourceTree = "<group>"; };
		11AC770D2A8B309E005BF8CA /* Base */ = {isa = PBXFileReference; lastKnownFileType = file.storyboard; name = Base; path = Base.lproj/LaunchScreen.storyboard; sourceTree = "<group>"; };
		11AC770F2A8B309E005BF8CA /* Info.plist */ = {isa = PBXFileReference; lastKnownFileType = text.plist.xml; path = Info.plist; sourceTree = "<group>"; };
		11AC77262A8B4AF9005BF8CA /* Base */ = {isa = PBXFileReference; lastKnownFileType = file.storyboard; name = Base; path = Base.lproj/Home.storyboard; sourceTree = "<group>"; };
		11AC77292A8B5C0A005BF8CA /* Base */ = {isa = PBXFileReference; lastKnownFileType = file.storyboard; name = Base; path = Base.lproj/Search.storyboard; sourceTree = "<group>"; };
		11AC772C2A8B5FAF005BF8CA /* Base */ = {isa = PBXFileReference; lastKnownFileType = file.storyboard; name = Base; path = Base.lproj/Account.storyboard; sourceTree = "<group>"; };
/* End PBXFileReference section */

/* Begin PBXFrameworksBuildPhase section */
		11AC76FB2A8B309D005BF8CA /* Frameworks */ = {
			isa = PBXFrameworksBuildPhase;
			buildActionMask = 2147483647;
			files = (
			);
			runOnlyForDeploymentPostprocessing = 0;
		};
/* End PBXFrameworksBuildPhase section */

/* Begin PBXGroup section */
		11AC76F52A8B309D005BF8CA = {
			isa = PBXGroup;
			children = (
				11AC77002A8B309D005BF8CA /* Cook_It_iOS */,
				11AC76FF2A8B309D005BF8CA /* Products */,
			);
			sourceTree = "<group>";
		};
		11AC76FF2A8B309D005BF8CA /* Products */ = {
			isa = PBXGroup;
			children = (
				11AC76FE2A8B309D005BF8CA /* Cook_It_iOS.app */,
			);
			name = Products;
			sourceTree = "<group>";
		};
		11AC77002A8B309D005BF8CA /* Cook_It_iOS */ = {
			isa = PBXGroup;
			children = (
				11AC771C2A8B32FA005BF8CA /* Model */,
				11AC771B2A8B32F4005BF8CA /* View */,
				11AC771A2A8B32EE005BF8CA /* Controller */,
				11AC77192A8B32E5005BF8CA /* Storyboards */,
				11AC77012A8B309D005BF8CA /* AppDelegate.swift */,
				11AC77032A8B309D005BF8CA /* SceneDelegate.swift */,
				11AC77052A8B309D005BF8CA /* ViewController.swift */,
				11AC770A2A8B309E005BF8CA /* Assets.xcassets */,
				11AC770F2A8B309E005BF8CA /* Info.plist */,
			);
			path = Cook_It_iOS;
			sourceTree = "<group>";
		};
		11AC77192A8B32E5005BF8CA /* Storyboards */ = {
			isa = PBXGroup;
			children = (
				11AC772B2A8B5FAF005BF8CA /* Account.storyboard */,
				11AC77282A8B5C0A005BF8CA /* Search.storyboard */,
				11AC77252A8B4AF9005BF8CA /* Home.storyboard */,
				11AC770C2A8B309E005BF8CA /* LaunchScreen.storyboard */,
				11AC77072A8B309D005BF8CA /* Main.storyboard */,
			);
			path = Storyboards;
			sourceTree = "<group>";
		};
		11AC771A2A8B32EE005BF8CA /* Controller */ = {
			isa = PBXGroup;
			children = (
			);
			path = Controller;
			sourceTree = "<group>";
		};
		11AC771B2A8B32F4005BF8CA /* View */ = {
			isa = PBXGroup;
			children = (
			);
			path = View;
			sourceTree = "<group>";
		};
		11AC771C2A8B32FA005BF8CA /* Model */ = {
			isa = PBXGroup;
			children = (
			);
			path = Model;
			sourceTree = "<group>";
		};
/* End PBXGroup section */

/* Begin PBXNativeTarget section */
		11AC76FD2A8B309D005BF8CA /* Cook_It_iOS */ = {
			isa = PBXNativeTarget;
			buildConfigurationList = 11AC77122A8B309E005BF8CA /* Build configuration list for PBXNativeTarget "Cook_It_iOS" */;
			buildPhases = (
				11AC76FA2A8B309D005BF8CA /* Sources */,
				11AC76FB2A8B309D005BF8CA /* Frameworks */,
				11AC76FC2A8B309D005BF8CA /* Resources */,
			);
			buildRules = (
			);
			dependencies = (
			);
			name = Cook_It_iOS;
			productName = Cook_It_iOS;
			productReference = 11AC76FE2A8B309D005BF8CA /* Cook_It_iOS.app */;
			productType = "com.apple.product-type.application";
		};
/* End PBXNativeTarget section */

/* Begin PBXProject section */
		11AC76F62A8B309D005BF8CA /* Project object */ = {
			isa = PBXProject;
			attributes = {
				BuildIndependentTargetsInParallel = 1;
				LastSwiftUpdateCheck = 1430;
				LastUpgradeCheck = 1430;
				TargetAttributes = {
					11AC76FD2A8B309D005BF8CA = {
						CreatedOnToolsVersion = 14.3.1;
					};
				};
			};
			buildConfigurationList = 11AC76F92A8B309D005BF8CA /* Build configuration list for PBXProject "Cook_It_iOS" */;
			compatibilityVersion = "Xcode 14.0";
			developmentRegion = en;
			hasScannedForEncodings = 0;
			knownRegions = (
				en,
				Base,
			);
			mainGroup = 11AC76F52A8B309D005BF8CA;
			productRefGroup = 11AC76FF2A8B309D005BF8CA /* Products */;
			projectDirPath = "";
			projectRoot = "";
			targets = (
				11AC76FD2A8B309D005BF8CA /* Cook_It_iOS */,
			);
		};
/* End PBXProject section */

/* Begin PBXResourcesBuildPhase section */
		11AC76FC2A8B309D005BF8CA /* Resources */ = {
			isa = PBXResourcesBuildPhase;
			buildActionMask = 2147483647;
			files = (
				11AC770E2A8B309E005BF8CA /* LaunchScreen.storyboard in Resources */,
				11AC770B2A8B309E005BF8CA /* Assets.xcassets in Resources */,
				11AC77092A8B309D005BF8CA /* Main.storyboard in Resources */,
				11AC772E2A8B6AC8005BF8CA /* Home.storyboard in Resources */,
				11AC772D2A8B5FAF005BF8CA /* Account.storyboard in Resources */,
				11AC772A2A8B5C0A005BF8CA /* Search.storyboard in Resources */,
			);
			runOnlyForDeploymentPostprocessing = 0;
		};
/* End PBXResourcesBuildPhase section */

/* Begin PBXSourcesBuildPhase section */
		11AC76FA2A8B309D005BF8CA /* Sources */ = {
			isa = PBXSourcesBuildPhase;
			buildActionMask = 2147483647;
			files = (
				11AC77062A8B309D005BF8CA /* ViewController.swift in Sources */,
				11AC77022A8B309D005BF8CA /* AppDelegate.swift in Sources */,
				11AC77042A8B309D005BF8CA /* SceneDelegate.swift in Sources */,
			);
			runOnlyForDeploymentPostprocessing = 0;
		};
/* End PBXSourcesBuildPhase section */

/* Begin PBXVariantGroup section */
		11AC77072A8B309D005BF8CA /* Main.storyboard */ = {
			isa = PBXVariantGroup;
			children = (
				11AC77082A8B309D005BF8CA /* Base */,
			);
			name = Main.storyboard;
			sourceTree = "<group>";
		};
		11AC770C2A8B309E005BF8CA /* LaunchScreen.storyboard */ = {
			isa = PBXVariantGroup;
			children = (
				11AC770D2A8B309E005BF8CA /* Base */,
			);
			name = LaunchScreen.storyboard;
			sourceTree = "<group>";
		};
		11AC77252A8B4AF9005BF8CA /* Home.storyboard */ = {
			isa = PBXVariantGroup;
			children = (
				11AC77262A8B4AF9005BF8CA /* Base */,
			);
			name = Home.storyboard;
			sourceTree = "<group>";
		};
		11AC77282A8B5C0A005BF8CA /* Search.storyboard */ = {
			isa = PBXVariantGroup;
			children = (
				11AC77292A8B5C0A005BF8CA /* Base */,
			);
			name = Search.storyboard;
			sourceTree = "<group>";
		};
		11AC772B2A8B5FAF005BF8CA /* Account.storyboard */ = {
			isa = PBXVariantGroup;
			children = (
				11AC772C2A8B5FAF005BF8CA /* Base */,
			);
			name = Account.storyboard;
			sourceTree = "<group>";
		};
/* End PBXVariantGroup section */

/* Begin XCBuildConfiguration section */
		11AC77102A8B309E005BF8CA /* Debug */ = {
			isa = XCBuildConfiguration;
			buildSettings = {
				ALWAYS_SEARCH_USER_PATHS = NO;
				CLANG_ANALYZER_NONNULL = YES;
				CLANG_ANALYZER_NUMBER_OBJECT_CONVERSION = YES_AGGRESSIVE;
				CLANG_CXX_LANGUAGE_STANDARD = "gnu++20";
				CLANG_ENABLE_MODULES = YES;
				CLANG_ENABLE_OBJC_ARC = YES;
				CLANG_ENABLE_OBJC_WEAK = YES;
				CLANG_WARN_BLOCK_CAPTURE_AUTORELEASING = YES;
				CLANG_WARN_BOOL_CONVERSION = YES;
				CLANG_WARN_COMMA = YES;
				CLANG_WARN_CONSTANT_CONVERSION = YES;
				CLANG_WARN_DEPRECATED_OBJC_IMPLEMENTATIONS = YES;
				CLANG_WARN_DIRECT_OBJC_ISA_USAGE = YES_ERROR;
				CLANG_WARN_DOCUMENTATION_COMMENTS = YES;
				CLANG_WARN_EMPTY_BODY = YES;
				CLANG_WARN_ENUM_CONVERSION = YES;
				CLANG_WARN_INFINITE_RECURSION = YES;
				CLANG_WARN_INT_CONVERSION = YES;
				CLANG_WARN_NON_LITERAL_NULL_CONVERSION = YES;
				CLANG_WARN_OBJC_IMPLICIT_RETAIN_SELF = YES;
				CLANG_WARN_OBJC_LITERAL_CONVERSION = YES;
				CLANG_WARN_OBJC_ROOT_CLASS = YES_ERROR;
				CLANG_WARN_QUOTED_INCLUDE_IN_FRAMEWORK_HEADER = YES;
				CLANG_WARN_RANGE_LOOP_ANALYSIS = YES;
				CLANG_WARN_STRICT_PROTOTYPES = YES;
				CLANG_WARN_SUSPICIOUS_MOVE = YES;
				CLANG_WARN_UNGUARDED_AVAILABILITY = YES_AGGRESSIVE;
				CLANG_WARN_UNREACHABLE_CODE = YES;
				CLANG_WARN__DUPLICATE_METHOD_MATCH = YES;
				COPY_PHASE_STRIP = NO;
				DEBUG_INFORMATION_FORMAT = dwarf;
				ENABLE_STRICT_OBJC_MSGSEND = YES;
				ENABLE_TESTABILITY = YES;
				GCC_C_LANGUAGE_STANDARD = gnu11;
				GCC_DYNAMIC_NO_PIC = NO;
				GCC_NO_COMMON_BLOCKS = YES;
				GCC_OPTIMIZATION_LEVEL = 0;
				GCC_PREPROCESSOR_DEFINITIONS = (
					"DEBUG=1",
					"$(inherited)",
				);
				GCC_WARN_64_TO_32_BIT_CONVERSION = YES;
				GCC_WARN_ABOUT_RETURN_TYPE = YES_ERROR;
				GCC_WARN_UNDECLARED_SELECTOR = YES;
				GCC_WARN_UNINITIALIZED_AUTOS = YES_AGGRESSIVE;
				GCC_WARN_UNUSED_FUNCTION = YES;
				GCC_WARN_UNUSED_VARIABLE = YES;
				IPHONEOS_DEPLOYMENT_TARGET = 16.4;
				MTL_ENABLE_DEBUG_INFO = INCLUDE_SOURCE;
				MTL_FAST_MATH = YES;
				ONLY_ACTIVE_ARCH = YES;
				SDKROOT = iphoneos;
				SWIFT_ACTIVE_COMPILATION_CONDITIONS = DEBUG;
				SWIFT_OPTIMIZATION_LEVEL = "-Onone";
			};
			name = Debug;
		};
		11AC77112A8B309E005BF8CA /* Release */ = {
			isa = XCBuildConfiguration;
			buildSettings = {
				ALWAYS_SEARCH_USER_PATHS = NO;
				CLANG_ANALYZER_NONNULL = YES;
				CLANG_ANALYZER_NUMBER_OBJECT_CONVERSION = YES_AGGRESSIVE;
				CLANG_CXX_LANGUAGE_STANDARD = "gnu++20";
				CLANG_ENABLE_MODULES = YES;
				CLANG_ENABLE_OBJC_ARC = YES;
				CLANG_ENABLE_OBJC_WEAK = YES;
				CLANG_WARN_BLOCK_CAPTURE_AUTORELEASING = YES;
				CLANG_WARN_BOOL_CONVERSION = YES;
				CLANG_WARN_COMMA = YES;
				CLANG_WARN_CONSTANT_CONVERSION = YES;
				CLANG_WARN_DEPRECATED_OBJC_IMPLEMENTATIONS = YES;
				CLANG_WARN_DIRECT_OBJC_ISA_USAGE = YES_ERROR;
				CLANG_WARN_DOCUMENTATION_COMMENTS = YES;
				CLANG_WARN_EMPTY_BODY = YES;
				CLANG_WARN_ENUM_CONVERSION = YES;
				CLANG_WARN_INFINITE_RECURSION = YES;
				CLANG_WARN_INT_CONVERSION = YES;
				CLANG_WARN_NON_LITERAL_NULL_CONVERSION = YES;
				CLANG_WARN_OBJC_IMPLICIT_RETAIN_SELF = YES;
				CLANG_WARN_OBJC_LITERAL_CONVERSION = YES;
				CLANG_WARN_OBJC_ROOT_CLASS = YES_ERROR;
				CLANG_WARN_QUOTED_INCLUDE_IN_FRAMEWORK_HEADER = YES;
				CLANG_WARN_RANGE_LOOP_ANALYSIS = YES;
				CLANG_WARN_STRICT_PROTOTYPES = YES;
				CLANG_WARN_SUSPICIOUS_MOVE = YES;
				CLANG_WARN_UNGUARDED_AVAILABILITY = YES_AGGRESSIVE;
				CLANG_WARN_UNREACHABLE_CODE = YES;
				CLANG_WARN__DUPLICATE_METHOD_MATCH = YES;
				COPY_PHASE_STRIP = NO;
				DEBUG_INFORMATION_FORMAT = "dwarf-with-dsym";
				ENABLE_NS_ASSERTIONS = NO;
				ENABLE_STRICT_OBJC_MSGSEND = YES;
				GCC_C_LANGUAGE_STANDARD = gnu11;
				GCC_NO_COMMON_BLOCKS = YES;
				GCC_WARN_64_TO_32_BIT_CONVERSION = YES;
				GCC_WARN_ABOUT_RETURN_TYPE = YES_ERROR;
				GCC_WARN_UNDECLARED_SELECTOR = YES;
				GCC_WARN_UNINITIALIZED_AUTOS = YES_AGGRESSIVE;
				GCC_WARN_UNUSED_FUNCTION = YES;
				GCC_WARN_UNUSED_VARIABLE = YES;
				IPHONEOS_DEPLOYMENT_TARGET = 16.4;
				MTL_ENABLE_DEBUG_INFO = NO;
				MTL_FAST_MATH = YES;
				SDKROOT = iphoneos;
				SWIFT_COMPILATION_MODE = wholemodule;
				SWIFT_OPTIMIZATION_LEVEL = "-O";
				VALIDATE_PRODUCT = YES;
			};
			name = Release;
		};
		11AC77132A8B309E005BF8CA /* Debug */ = {
			isa = XCBuildConfiguration;
			buildSettings = {
				ASSETCATALOG_COMPILER_APPICON_NAME = AppIcon;
				ASSETCATALOG_COMPILER_GLOBAL_ACCENT_COLOR_NAME = AccentColor;
				CODE_SIGN_STYLE = Automatic;
				CURRENT_PROJECT_VERSION = 1;
				DEVELOPMENT_TEAM = 4U2CG928BC;
				GENERATE_INFOPLIST_FILE = YES;
				INFOPLIST_FILE = Cook_It_iOS/Info.plist;
				INFOPLIST_KEY_UIApplicationSupportsIndirectInputEvents = YES;
				INFOPLIST_KEY_UILaunchStoryboardName = LaunchScreen;
				INFOPLIST_KEY_UIMainStoryboardFile = Main;
				INFOPLIST_KEY_UISupportedInterfaceOrientations_iPad = "UIInterfaceOrientationPortrait UIInterfaceOrientationPortraitUpsideDown UIInterfaceOrientationLandscapeLeft UIInterfaceOrientationLandscapeRight";
				INFOPLIST_KEY_UISupportedInterfaceOrientations_iPhone = "UIInterfaceOrientationPortrait UIInterfaceOrientationLandscapeLeft UIInterfaceOrientationLandscapeRight";
				LD_RUNPATH_SEARCH_PATHS = (
					"$(inherited)",
					"@executable_path/Frameworks",
				);
				MARKETING_VERSION = 1.0;
				PRODUCT_BUNDLE_IDENTIFIER = "com.kamus.Cook-It-iOS";
				PRODUCT_NAME = "$(TARGET_NAME)";
				SWIFT_EMIT_LOC_STRINGS = YES;
				SWIFT_VERSION = 5.0;
				TARGETED_DEVICE_FAMILY = "1,2";
			};
			name = Debug;
		};
		11AC77142A8B309E005BF8CA /* Release */ = {
			isa = XCBuildConfiguration;
			buildSettings = {
				ASSETCATALOG_COMPILER_APPICON_NAME = AppIcon;
				ASSETCATALOG_COMPILER_GLOBAL_ACCENT_COLOR_NAME = AccentColor;
				CODE_SIGN_STYLE = Automatic;
				CURRENT_PROJECT_VERSION = 1;
				DEVELOPMENT_TEAM = 4U2CG928BC;
				GENERATE_INFOPLIST_FILE = YES;
				INFOPLIST_FILE = Cook_It_iOS/Info.plist;
				INFOPLIST_KEY_UIApplicationSupportsIndirectInputEvents = YES;
				INFOPLIST_KEY_UILaunchStoryboardName = LaunchScreen;
				INFOPLIST_KEY_UIMainStoryboardFile = Main;
				INFOPLIST_KEY_UISupportedInterfaceOrientations_iPad = "UIInterfaceOrientationPortrait UIInterfaceOrientationPortraitUpsideDown UIInterfaceOrientationLandscapeLeft UIInterfaceOrientationLandscapeRight";
				INFOPLIST_KEY_UISupportedInterfaceOrientations_iPhone = "UIInterfaceOrientationPortrait UIInterfaceOrientationLandscapeLeft UIInterfaceOrientationLandscapeRight";
				LD_RUNPATH_SEARCH_PATHS = (
					"$(inherited)",
					"@executable_path/Frameworks",
				);
				MARKETING_VERSION = 1.0;
				PRODUCT_BUNDLE_IDENTIFIER = "com.kamus.Cook-It-iOS";
				PRODUCT_NAME = "$(TARGET_NAME)";
				SWIFT_EMIT_LOC_STRINGS = YES;
				SWIFT_VERSION = 5.0;
				TARGETED_DEVICE_FAMILY = "1,2";
			};
			name = Release;
		};
/* End XCBuildConfiguration section */

/* Begin XCConfigurationList section */
		11AC76F92A8B309D005BF8CA /* Build configuration list for PBXProject "Cook_It_iOS" */ = {
			isa = XCConfigurationList;
			buildConfigurations = (
				11AC77102A8B309E005BF8CA /* Debug */,
				11AC77112A8B309E005BF8CA /* Release */,
			);
			defaultConfigurationIsVisible = 0;
			defaultConfigurationName = Release;
		};
		11AC77122A8B309E005BF8CA /* Build configuration list for PBXNativeTarget "Cook_It_iOS" */ = {
			isa = XCConfigurationList;
			buildConfigurations = (
				11AC77132A8B309E005BF8CA /* Debug */,
				11AC77142A8B309E005BF8CA /* Release */,
			);
			defaultConfigurationIsVisible = 0;
			defaultConfigurationName = Release;
		};
/* End XCConfigurationList section */
	};
	rootObject = 11AC76F62A8B309D005BF8CA /* Project object */;
}
